
Microsoft Visual Studio Solution File, Format Version 12.00
# Visual Studio 14
VisualStudioVersion = 14.0.25420.1
MinimumVisualStudioVersion = 10.0.40219.1
Project("{FAE04EC0-301F-11D3-BF4B-00C04F79EFBC}") = "NovaPoshta.Core", "NovaPoshta.Core\NovaPoshta.Core.csproj", "{FF2646ED-E486-43A0-8D38-F7E8E3ED94FC}"
EndProject
Project("{FAE04EC0-301F-11D3-BF4B-00C04F79EFBC}") = "NovaPoshta.Tests", "NovaPoshta.Tests\NovaPoshta.Tests.csproj", "{27016B48-6C74-462B-9B35-77F47160BD19}"
EndProject
Project("{FAE04EC0-301F-11D3-BF4B-00C04F79EFBC}") = "ConsoleApp", "ConsoleApp\ConsoleApp.csproj", "{12E2B446-1231-436E-A574-111B235B2373}"
EndProject
Project("{FAE04EC0-301F-11D3-BF4B-00C04F79EFBC}") = "NovaPoshta.Client", "NovaPoshta.Json\NovaPoshta.Client.csproj", "{B549E5A8-1B39-4B88-A721-04AC228B45D6}"
EndProject
Project("{FAE04EC0-301F-11D3-BF4B-00C04F79EFBC}") = "NovaPoshta.Reports", "NovaPoshta.Reports\NovaPoshta.Reports.csproj", "{07F37500-15C3-4115-BF79-91C77ADD8EE8}"
EndProject
Project("{FAE04EC0-301F-11D3-BF4B-00C04F79EFBC}") = "NovaPoshta.EF", "NovaPoshta.EF\NovaPoshta.EF.csproj", "{A39E9BBA-E057-428D-B800-3A274CDD907F}"
EndProject
Project("{FAE04EC0-301F-11D3-BF4B-00C04F79EFBC}") = "NovaPoshta.UnitTests", "NovaPoshta.UnitTests\NovaPoshta.UnitTests.csproj", "{0779AAA1-8A20-4B80-A09B-6D5ADAF147EE}"
EndProject
Global
	GlobalSection(SolutionConfigurationPlatforms) = preSolution
		Debug|Any CPU = Debug|Any CPU
		Release|Any CPU = Release|Any CPU
	EndGlobalSection
	GlobalSection(ProjectConfigurationPlatforms) = postSolution
		{FF2646ED-E486-43A0-8D38-F7E8E3ED94FC}.Debug|Any CPU.ActiveCfg = Debug|Any CPU
		{FF2646ED-E486-43A0-8D38-F7E8E3ED94FC}.Debug|Any CPU.Build.0 = Debug|Any CPU
		{FF2646ED-E486-43A0-8D38-F7E8E3ED94FC}.Release|Any CPU.ActiveCfg = Release|Any CPU
		{FF2646ED-E486-43A0-8D38-F7E8E3ED94FC}.Release|Any CPU.Build.0 = Release|Any CPU
		{27016B48-6C74-462B-9B35-77F47160BD19}.Debug|Any CPU.ActiveCfg = Debug|Any CPU
		{27016B48-6C74-462B-9B35-77F47160BD19}.Debug|Any CPU.Build.0 = Debug|Any CPU
		{27016B48-6C74-462B-9B35-77F47160BD19}.Release|Any CPU.ActiveCfg = Release|Any CPU
		{27016B48-6C74-462B-9B35-77F47160BD19}.Release|Any CPU.Build.0 = Release|Any CPU
		{12E2B446-1231-436E-A574-111B235B2373}.Debug|Any CPU.ActiveCfg = Debug|Any CPU
		{12E2B446-1231-436E-A574-111B235B2373}.Debug|Any CPU.Build.0 = Debug|Any CPU
		{12E2B446-1231-436E-A574-111B235B2373}.Release|Any CPU.ActiveCfg = Release|Any CPU
		{12E2B446-1231-436E-A574-111B235B2373}.Release|Any CPU.Build.0 = Release|Any CPU
		{B549E5A8-1B39-4B88-A721-04AC228B45D6}.Debug|Any CPU.ActiveCfg = Debug|Any CPU
		{B549E5A8-1B39-4B88-A721-04AC228B45D6}.Debug|Any CPU.Build.0 = Debug|Any CPU
		{B549E5A8-1B39-4B88-A721-04AC228B45D6}.Release|Any CPU.ActiveCfg = Release|Any CPU
		{B549E5A8-1B39-4B88-A721-04AC228B45D6}.Release|Any CPU.Build.0 = Release|Any CPU
		{07F37500-15C3-4115-BF79-91C77ADD8EE8}.Debug|Any CPU.ActiveCfg = Debug|Any CPU
		{07F37500-15C3-4115-BF79-91C77ADD8EE8}.Debug|Any CPU.Build.0 = Debug|Any CPU
		{07F37500-15C3-4115-BF79-91C77ADD8EE8}.Release|Any CPU.ActiveCfg = Release|Any CPU
		{07F37500-15C3-4115-BF79-91C77ADD8EE8}.Release|Any CPU.Build.0 = Release|Any CPU
		{A39E9BBA-E057-428D-B800-3A274CDD907F}.Debug|Any CPU.ActiveCfg = Debug|Any CPU
		{A39E9BBA-E057-428D-B800-3A274CDD907F}.Debug|Any CPU.Build.0 = Debug|Any CPU
		{A39E9BBA-E057-428D-B800-3A274CDD907F}.Release|Any CPU.ActiveCfg = Release|Any CPU
		{A39E9BBA-E057-428D-B800-3A274CDD907F}.Release|Any CPU.Build.0 = Release|Any CPU
		{0779AAA1-8A20-4B80-A09B-6D5ADAF147EE}.Debug|Any CPU.ActiveCfg = Debug|Any CPU
		{0779AAA1-8A20-4B80-A09B-6D5ADAF147EE}.Debug|Any CPU.Build.0 = Debug|Any CPU
		{0779AAA1-8A20-4B80-A09B-6D5ADAF147EE}.Release|Any CPU.ActiveCfg = Release|Any CPU
		{0779AAA1-8A20-4B80-A09B-6D5ADAF147EE}.Release|Any CPU.Build.0 = Release|Any CPU
	EndGlobalSection
	GlobalSection(SolutionProperties) = preSolution
		HideSolutionNode = FALSE
	EndGlobalSection
EndGlobal
